// !$*UTF8*$!
{
	archiveVersion = 1;
	classes = {
	};
	objectVersion = 50;
	objects = {

/* Begin PBXBuildFile section */
		874B76A3254E859B007E6A70 /* AppDelegate.swift in Sources */ = {isa = PBXBuildFile; fileRef = 874B76A2254E859B007E6A70 /* AppDelegate.swift */; };
		874B76A5254E859B007E6A70 /* SceneDelegate.swift in Sources */ = {isa = PBXBuildFile; fileRef = 874B76A4254E859B007E6A70 /* SceneDelegate.swift */; };
		874B76AC254E859E007E6A70 /* Assets.xcassets in Resources */ = {isa = PBXBuildFile; fileRef = 874B76AB254E859E007E6A70 /* Assets.xcassets */; };
		874B76AF254E859E007E6A70 /* LaunchScreen.storyboard in Resources */ = {isa = PBXBuildFile; fileRef = 874B76AD254E859E007E6A70 /* LaunchScreen.storyboard */; };
		874B76BD254E862D007E6A70 /* MainViewController.swift in Sources */ = {isa = PBXBuildFile; fileRef = 874B76BB254E862D007E6A70 /* MainViewController.swift */; };
		874B76BE254E862D007E6A70 /* MainViewController.xib in Resources */ = {isa = PBXBuildFile; fileRef = 874B76BC254E862D007E6A70 /* MainViewController.xib */; };
/* End PBXBuildFile section */

/* Begin PBXFileReference section */
		874B769F254E859B007E6A70 /* ImgDrag&Drop.app */ = {isa = PBXFileReference; explicitFileType = wrapper.application; includeInIndex = 0; path = "ImgDrag&Drop.app"; sourceTree = BUILT_PRODUCTS_DIR; };
		874B76A2254E859B007E6A70 /* AppDelegate.swift */ = {isa = PBXFileReference; lastKnownFileType = sourcecode.swift; path = AppDelegate.swift; sourceTree = "<group>"; };
		874B76A4254E859B007E6A70 /* SceneDelegate.swift */ = {isa = PBXFileReference; lastKnownFileType = sourcecode.swift; path = SceneDelegate.swift; sourceTree = "<group>"; };
		874B76AB254E859E007E6A70 /* Assets.xcassets */ = {isa = PBXFileReference; lastKnownFileType = folder.assetcatalog; path = Assets.xcassets; sourceTree = "<group>"; };
		874B76AE254E859E007E6A70 /* Base */ = {isa = PBXFileReference; lastKnownFileType = file.storyboard; name = Base; path = Base.lproj/LaunchScreen.storyboard; sourceTree = "<group>"; };
		874B76B0254E859E007E6A70 /* Info.plist */ = {isa = PBXFileReference; lastKnownFileType = text.plist.xml; path = Info.plist; sourceTree = "<group>"; };
		874B76BB254E862D007E6A70 /* MainViewController.swift */ = {isa = PBXFileReference; lastKnownFileType = sourcecode.swift; path = MainViewController.swift; sourceTree = "<group>"; };
		874B76BC254E862D007E6A70 /* MainViewController.xib */ = {isa = PBXFileReference; lastKnownFileType = file.xib; path = MainViewController.xib; sourceTree = "<group>"; };
/* End PBXFileReference section */

/* Begin PBXFrameworksBuildPhase section */
		874B769C254E859B007E6A70 /* Frameworks */ = {
			isa = PBXFrameworksBuildPhase;
			buildActionMask = 2147483647;
			files = (
			);
			runOnlyForDeploymentPostprocessing = 0;
		};
/* End PBXFrameworksBuildPhase section */

/* Begin PBXGroup section */
		874B7696254E859B007E6A70 = {
			isa = PBXGroup;
			children = (
				874B76A1254E859B007E6A70 /* ImgDrag&Drop */,
				874B76A0254E859B007E6A70 /* Products */,
			);
			sourceTree = "<group>";
		};
		874B76A0254E859B007E6A70 /* Products */ = {
			isa = PBXGroup;
			children = (
				874B769F254E859B007E6A70 /* ImgDrag&Drop.app */,
			);
			name = Products;
			sourceTree = "<group>";
		};
		874B76A1254E859B007E6A70 /* ImgDrag&Drop */ = {
			isa = PBXGroup;
			children = (
				874B76B8254E85B5007E6A70 /* App */,
				874B76B9254E85C2007E6A70 /* Controller */,
				874B76BA254E85D0007E6A70 /* Resource */,
				874B76AD254E859E007E6A70 /* LaunchScreen.storyboard */,
			);
			path = "ImgDrag&Drop";
			sourceTree = "<group>";
		};
		874B76B8254E85B5007E6A70 /* App */ = {
			isa = PBXGroup;
			children = (
				874B76A4254E859B007E6A70 /* SceneDelegate.swift */,
				874B76A2254E859B007E6A70 /* AppDelegate.swift */,
			);
			path = App;
			sourceTree = "<group>";
		};
		874B76B9254E85C2007E6A70 /* Controller */ = {
			isa = PBXGroup;
			children = (
				874B76BB254E862D007E6A70 /* MainViewController.swift */,
				874B76BC254E862D007E6A70 /* MainViewController.xib */,
			);
			path = Controller;
			sourceTree = "<group>";
		};
		874B76BA254E85D0007E6A70 /* Resource */ = {
			isa = PBXGroup;
			children = (
				874B76AB254E859E007E6A70 /* Assets.xcassets */,
				874B76B0254E859E007E6A70 /* Info.plist */,
			);
			path = Resource;
			sourceTree = "<group>";
		};
/* End PBXGroup section */

/* Begin PBXNativeTarget section */
		874B769E254E859B007E6A70 /* ImgDrag&Drop */ = {
			isa = PBXNativeTarget;
			buildConfigurationList = 874B76B3254E859E007E6A70 /* Build configuration list for PBXNativeTarget "ImgDrag&Drop" */;
			buildPhases = (
				874B769B254E859B007E6A70 /* Sources */,
				874B769C254E859B007E6A70 /* Frameworks */,
				874B769D254E859B007E6A70 /* Resources */,
			);
			buildRules = (
			);
			dependencies = (
			);
			name = "ImgDrag&Drop";
			productName = "ImgDrag&Drop";
			productReference = 874B769F254E859B007E6A70 /* ImgDrag&Drop.app */;
			productType = "com.apple.product-type.application";
		};
/* End PBXNativeTarget section */

/* Begin PBXProject section */
		874B7697254E859B007E6A70 /* Project object */ = {
			isa = PBXProject;
			attributes = {
				LastSwiftUpdateCheck = 1200;
				LastUpgradeCheck = 1200;
				TargetAttributes = {
					874B769E254E859B007E6A70 = {
						CreatedOnToolsVersion = 12.0;
					};
				};
			};
			buildConfigurationList = 874B769A254E859B007E6A70 /* Build configuration list for PBXProject "ImgDrag&Drop" */;
			compatibilityVersion = "Xcode 9.3";
			developmentRegion = en;
			hasScannedForEncodings = 0;
			knownRegions = (
				en,
				Base,
			);
			mainGroup = 874B7696254E859B007E6A70;
			productRefGroup = 874B76A0254E859B007E6A70 /* Products */;
			projectDirPath = "";
			projectRoot = "";
			targets = (
				874B769E254E859B007E6A70 /* ImgDrag&Drop */,
			);
		};
/* End PBXProject section */

/* Begin PBXResourcesBuildPhase section */
		874B769D254E859B007E6A70 /* Resources */ = {
			isa = PBXResourcesBuildPhase;
			buildActionMask = 2147483647;
			files = (
				874B76AF254E859E007E6A70 /* LaunchScreen.storyboard in Resources */,
				874B76BE254E862D007E6A70 /* MainViewController.xib in Resources */,
				874B76AC254E859E007E6A70 /* Assets.xcassets in Resources */,
			);
			runOnlyForDeploymentPostprocessing = 0;
		};
/* End PBXResourcesBuildPhase section */

/* Begin PBXSourcesBuildPhase section */
		874B769B254E859B007E6A70 /* Sources */ = {
			isa = PBXSourcesBuildPhase;
			buildActionMask = 2147483647;
			files = (
				874B76BD254E862D007E6A70 /* MainViewController.swift in Sources */,
				874B76A3254E859B007E6A70 /* AppDelegate.swift in Sources */,
				874B76A5254E859B007E6A70 /* SceneDelegate.swift in Sources */,
			);
			runOnlyForDeploymentPostprocessing = 0;
		};
/* End PBXSourcesBuildPhase section */

/* Begin PBXVariantGroup section */
		874B76AD254E859E007E6A70 /* LaunchScreen.storyboard */ = {
			isa = PBXVariantGroup;
			children = (
				874B76AE254E859E007E6A70 /* Base */,
			);
			name = LaunchScreen.storyboard;
			sourceTree = "<group>";
		};
/* End PBXVariantGroup section */

/* Begin XCBuildConfiguration section */
		874B76B1254E859E007E6A70 /* Debug */ = {
			isa = XCBuildConfiguration;
			buildSettings = {
				ALWAYS_SEARCH_USER_PATHS = NO;
				CLANG_ANALYZER_NONNULL = YES;
				CLANG_ANALYZER_NUMBER_OBJECT_CONVERSION = YES_AGGRESSIVE;
				CLANG_CXX_LANGUAGE_STANDARD = "gnu++14";
				CLANG_CXX_LIBRARY = "libc++";
				CLANG_ENABLE_MODULES = YES;
				CLANG_ENABLE_OBJC_ARC = YES;
				CLANG_ENABLE_OBJC_WEAK = YES;
				CLANG_WARN_BLOCK_CAPTURE_AUTORELEASING = YES;
				CLANG_WARN_BOOL_CONVERSION = YES;
				CLANG_WARN_COMMA = YES;
				CLANG_WARN_CONSTANT_CONVERSION = YES;
				CLANG_WARN_DEPRECATED_OBJC_IMPLEMENTATIONS = YES;
				CLANG_WARN_DIRECT_OBJC_ISA_USAGE = YES_ERROR;
				CLANG_WARN_DOCUMENTATION_COMMENTS = YES;
				CLANG_WARN_EMPTY_BODY = YES;
				CLANG_WARN_ENUM_CONVERSION = YES;
				CLANG_WARN_INFINITE_RECURSION = YES;
				CLANG_WARN_INT_CONVERSION = YES;
				CLANG_WARN_NON_LITERAL_NULL_CONVERSION = YES;
				CLANG_WARN_OBJC_IMPLICIT_RETAIN_SELF = YES;
				CLANG_WARN_OBJC_LITERAL_CONVERSION = YES;
				CLANG_WARN_OBJC_ROOT_CLASS = YES_ERROR;
				CLANG_WARN_QUOTED_INCLUDE_IN_FRAMEWORK_HEADER = YES;
				CLANG_WARN_RANGE_LOOP_ANALYSIS = YES;
				CLANG_WARN_STRICT_PROTOTYPES = YES;
				CLANG_WARN_SUSPICIOUS_MOVE = YES;
				CLANG_WARN_UNGUARDED_AVAILABILITY = YES_AGGRESSIVE;
				CLANG_WARN_UNREACHABLE_CODE = YES;
				CLANG_WARN__DUPLICATE_METHOD_MATCH = YES;
				COPY_PHASE_STRIP = NO;
				DEBUG_INFORMATION_FORMAT = dwarf;
				ENABLE_STRICT_OBJC_MSGSEND = YES;
				ENABLE_TESTABILITY = YES;
				GCC_C_LANGUAGE_STANDARD = gnu11;
				GCC_DYNAMIC_NO_PIC = NO;
				GCC_NO_COMMON_BLOCKS = YES;
				GCC_OPTIMIZATION_LEVEL = 0;
				GCC_PREPROCESSOR_DEFINITIONS = (
					"DEBUG=1",
					"$(inherited)",
				);
				GCC_WARN_64_TO_32_BIT_CONVERSION = YES;
				GCC_WARN_ABOUT_RETURN_TYPE = YES_ERROR;
				GCC_WARN_UNDECLARED_SELECTOR = YES;
				GCC_WARN_UNINITIALIZED_AUTOS = YES_AGGRESSIVE;
				GCC_WARN_UNUSED_FUNCTION = YES;
				GCC_WARN_UNUSED_VARIABLE = YES;
				IPHONEOS_DEPLOYMENT_TARGET = 14.0;
				MTL_ENABLE_DEBUG_INFO = INCLUDE_SOURCE;
				MTL_FAST_MATH = YES;
				ONLY_ACTIVE_ARCH = YES;
				SDKROOT = iphoneos;
				SWIFT_ACTIVE_COMPILATION_CONDITIONS = DEBUG;
				SWIFT_OPTIMIZATION_LEVEL = "-Onone";
			};
			name = Debug;
		};
		874B76B2254E859E007E6A70 /* Release */ = {
			isa = XCBuildConfiguration;
			buildSettings = {
				ALWAYS_SEARCH_USER_PATHS = NO;
				CLANG_ANALYZER_NONNULL = YES;
				CLANG_ANALYZER_NUMBER_OBJECT_CONVERSION = YES_AGGRESSIVE;
				CLANG_CXX_LANGUAGE_STANDARD = "gnu++14";
				CLANG_CXX_LIBRARY = "libc++";
				CLANG_ENABLE_MODULES = YES;
				CLANG_ENABLE_OBJC_ARC = YES;
				CLANG_ENABLE_OBJC_WEAK = YES;
				CLANG_WARN_BLOCK_CAPTURE_AUTORELEASING = YES;
				CLANG_WARN_BOOL_CONVERSION = YES;
				CLANG_WARN_COMMA = YES;
				CLANG_WARN_CONSTANT_CONVERSION = YES;
				CLANG_WARN_DEPRECATED_OBJC_IMPLEMENTATIONS = YES;
				CLANG_WARN_DIRECT_OBJC_ISA_USAGE = YES_ERROR;
				CLANG_WARN_DOCUMENTATION_COMMENTS = YES;
				CLANG_WARN_EMPTY_BODY = YES;
				CLANG_WARN_ENUM_CONVERSION = YES;
				CLANG_WARN_INFINITE_RECURSION = YES;
				CLANG_WARN_INT_CONVERSION = YES;
				CLANG_WARN_NON_LITERAL_NULL_CONVERSION = YES;
				CLANG_WARN_OBJC_IMPLICIT_RETAIN_SELF = YES;
				CLANG_WARN_OBJC_LITERAL_CONVERSION = YES;
				CLANG_WARN_OBJC_ROOT_CLASS = YES_ERROR;
				CLANG_WARN_QUOTED_INCLUDE_IN_FRAMEWORK_HEADER = YES;
				CLANG_WARN_RANGE_LOOP_ANALYSIS = YES;
				CLANG_WARN_STRICT_PROTOTYPES = YES;
				CLANG_WARN_SUSPICIOUS_MOVE = YES;
				CLANG_WARN_UNGUARDED_AVAILABILITY = YES_AGGRESSIVE;
				CLANG_WARN_UNREACHABLE_CODE = YES;
				CLANG_WARN__DUPLICATE_METHOD_MATCH = YES;
				COPY_PHASE_STRIP = NO;
				DEBUG_INFORMATION_FORMAT = "dwarf-with-dsym";
				ENABLE_NS_ASSERTIONS = NO;
				ENABLE_STRICT_OBJC_MSGSEND = YES;
				GCC_C_LANGUAGE_STANDARD = gnu11;
				GCC_NO_COMMON_BLOCKS = YES;
				GCC_WARN_64_TO_32_BIT_CONVERSION = YES;
				GCC_WARN_ABOUT_RETURN_TYPE = YES_ERROR;
				GCC_WARN_UNDECLARED_SELECTOR = YES;
				GCC_WARN_UNINITIALIZED_AUTOS = YES_AGGRESSIVE;
				GCC_WARN_UNUSED_FUNCTION = YES;
				GCC_WARN_UNUSED_VARIABLE = YES;
				IPHONEOS_DEPLOYMENT_TARGET = 14.0;
				MTL_ENABLE_DEBUG_INFO = NO;
				MTL_FAST_MATH = YES;
				SDKROOT = iphoneos;
				SWIFT_COMPILATION_MODE = wholemodule;
				SWIFT_OPTIMIZATION_LEVEL = "-O";
				VALIDATE_PRODUCT = YES;
			};
			name = Release;
		};
		874B76B4254E859E007E6A70 /* Debug */ = {
			isa = XCBuildConfiguration;
			buildSettings = {
				ASSETCATALOG_COMPILER_APPICON_NAME = AppIcon;
				ASSETCATALOG_COMPILER_GLOBAL_ACCENT_COLOR_NAME = AccentColor;
				CODE_SIGN_STYLE = Automatic;
				INFOPLIST_FILE = "ImgDrag&Drop/Resource/Info.plist";
				LD_RUNPATH_SEARCH_PATHS = (
					"$(inherited)",
					"@executable_path/Frameworks",
				);
				PRODUCT_BUNDLE_IDENTIFIER = "com.codesorbit.ImgDrag-Drop";
				PRODUCT_NAME = "$(TARGET_NAME)";
				SWIFT_VERSION = 5.0;
				TARGETED_DEVICE_FAMILY = "1,2";
			};
			name = Debug;
		};
		874B76B5254E859E007E6A70 /* Release */ = {
			isa = XCBuildConfiguration;
			buildSettings = {
				ASSETCATALOG_COMPILER_APPICON_NAME = AppIcon;
				ASSETCATALOG_COMPILER_GLOBAL_ACCENT_COLOR_NAME = AccentColor;
				CODE_SIGN_STYLE = Automatic;
				INFOPLIST_FILE = "ImgDrag&Drop/Resource/Info.plist";
				LD_RUNPATH_SEARCH_PATHS = (
					"$(inherited)",
					"@executable_path/Frameworks",
				);
				PRODUCT_BUNDLE_IDENTIFIER = "com.codesorbit.ImgDrag-Drop";
				PRODUCT_NAME = "$(TARGET_NAME)";
				SWIFT_VERSION = 5.0;
				TARGETED_DEVICE_FAMILY = "1,2";
			};
			name = Release;
		};
/* End XCBuildConfiguration section */

/* Begin XCConfigurationList section */
		874B769A254E859B007E6A70 /* Build configuration list for PBXProject "ImgDrag&Drop" */ = {
			isa = XCConfigurationList;
			buildConfigurations = (
				874B76B1254E859E007E6A70 /* Debug */,
				874B76B2254E859E007E6A70 /* Release */,
			);
			defaultConfigurationIsVisible = 0;
			defaultConfigurationName = Release;
		};
		874B76B3254E859E007E6A70 /* Build configuration list for PBXNativeTarget "ImgDrag&Drop" */ = {
			isa = XCConfigurationList;
			buildConfigurations = (
				874B76B4254E859E007E6A70 /* Debug */,
				874B76B5254E859E007E6A70 /* Release */,
			);
			defaultConfigurationIsVisible = 0;
			defaultConfigurationName = Release;
		};
/* End XCConfigurationList section */
	};
	rootObject = 874B7697254E859B007E6A70 /* Project object */;
}
